# This file was autogenerated by uv via the following command:
#    uv export --all-packages --no-emit-workspace
art==6.5 \
    --hash=sha256:70706408144c45c666caab690627d5c74aea7b6c7ce8cc968408ddeef8d84afd \
    --hash=sha256:a98d77b42c278697ec6cf4b5bdcdfd997f6b2425332da078d4e31e31377d1844
    # via libhello
certifi==2025.4.26 \
    --hash=sha256:0a816057ea3cdefcef70270d2c515e4506bbc954f417fa5ade2021213bb8f0c6 \
    --hash=sha256:30350364dfe371162649852c63336a15c70c6510c2ad5015b21c2345311805f3
    # via requests
charset-normalizer==3.4.2 \
    --hash=sha256:1c95a1e2902a8b722868587c0e1184ad5c55631de5afc0eb96bc4b0d738092c0 \
    --hash=sha256:289200a18fa698949d2b39c671c2cc7a24d44096784e76614899a7ccf2574b7b \
    --hash=sha256:32fc0341d72e0f73f80acb0a2c94216bd704f4f0bce10aedea38f30502b271ff \
    --hash=sha256:3fddb7e2c84ac87ac3a947cb4e66d143ca5863ef48e4a5ecb83bd48619e4634e \
    --hash=sha256:4a476b06fbcf359ad25d34a057b7219281286ae2477cc5ff5e3f70a246971148 \
    --hash=sha256:5baececa9ecba31eff645232d59845c07aa030f0c81ee70184a90d35099a0e63 \
    --hash=sha256:6c9379d65defcab82d07b2a9dfbfc2e95bc8fe0ebb1b176a3190230a3ef0e07c \
    --hash=sha256:7f56930ab0abd1c45cd15be65cc741c28b1c9a34876ce8c17a2fa107810c0af0 \
    --hash=sha256:926ca93accd5d36ccdabd803392ddc3e03e6d4cd1cf17deff3b989ab8e9dbcf0 \
    --hash=sha256:98f862da73774290f251b9df8d11161b6cf25b599a66baf087c1ffe340e9bfd1 \
    --hash=sha256:aa6af9e7d59f9c12b33ae4e9450619cf2488e2bbe9b44030905877f0b2324980 \
    --hash=sha256:aaeeb6a479c7667fbe1099af9617c83aaca22182d6cf8c53966491a0f1b7ffb7 \
    --hash=sha256:e635b87f01ebc977342e2697d05b56632f5f879a4f15955dfe8cef2448b51691 \
    --hash=sha256:eba9904b0f38a143592d9fc0e19e2df0fa2e41c3c3745554761c5f6447eedabf \
    --hash=sha256:ef8de666d6179b009dce7bcb2ad4c4a779f113f12caf8dc77f0162c29d20490b
    # via requests
colored==2.3.0 \
    --hash=sha256:2f7f455dc2ed490531b0b8e0ecf8f8513bb28a150d9f12f0e48b023641a55185 \
    --hash=sha256:4daf9b3ed687a01d59005e1bd03f354475226b933abb9a01836d6dde926d4c6f
    # via libworld
idna==3.10 \
    --hash=sha256:12f65c9b470abda6dc35cf8e63cc574b1c52b11df2c86030af0ac09b01b13ea9 \
    --hash=sha256:946d195a0d259cbba61165e88e65941f16e9b36ea6ddb97f00452bae8b1287d3
    # via requests
requests==2.32.4 \
    --hash=sha256:27babd3cda2a6d50b30443204ee89830707d396671944c998b5975b031ac2b2c \
    --hash=sha256:27d0316682c8a29834d3264820024b62a36942083d52caf2f14c0591336d3422
    # via hello-world
urllib3==2.4.0 \
    --hash=sha256:414bc6535b787febd7567804cc015fee39daab8ad86268f1310a9250697de466 \
    --hash=sha256:4e16665048960a0900c702d4a66415956a584919c03361cac9f1df5c5dd7e813
    # via requests
